
Microsoft Visual Studio Solution File, Format Version 12.00
# Visual Studio 2012
Project("{FAE04EC0-301F-11D3-BF4B-00C04F79EFBC}") = "CustomLib", "CustomLib\CustomLib.csproj", "{6B261908-344B-4796-B91B-33C7883E9355}"
EndProject
Project("{FAE04EC0-301F-11D3-BF4B-00C04F79EFBC}") = "CustomLibTests", "CustomLibTests\CustomLibTests.csproj", "{BAAA4580-B357-4301-9D0F-67BBBD2EFBC6}"
EndProject
Global
	GlobalSection(SolutionConfigurationPlatforms) = preSolution
		Debug|Any CPU = Debug|Any CPU
		Release|Any CPU = Release|Any CPU
	EndGlobalSection
	GlobalSection(ProjectConfigurationPlatforms) = postSolution
		{6B261908-344B-4796-B91B-33C7883E9355}.Debug|Any CPU.ActiveCfg = Debug|Any CPU
		{6B261908-344B-4796-B91B-33C7883E9355}.Debug|Any CPU.Build.0 = Debug|Any CPU
		{6B261908-344B-4796-B91B-33C7883E9355}.Release|Any CPU.ActiveCfg = Release|Any CPU
		{6B261908-344B-4796-B91B-33C7883E9355}.Release|Any CPU.Build.0 = Release|Any CPU
		{BAAA4580-B357-4301-9D0F-67BBBD2EFBC6}.Debug|Any CPU.ActiveCfg = Debug|Any CPU
		{BAAA4580-B357-4301-9D0F-67BBBD2EFBC6}.Debug|Any CPU.Build.0 = Debug|Any CPU
		{BAAA4580-B357-4301-9D0F-67BBBD2EFBC6}.Release|Any CPU.ActiveCfg = Release|Any CPU
		{BAAA4580-B357-4301-9D0F-67BBBD2EFBC6}.Release|Any CPU.Build.0 = Release|Any CPU
	EndGlobalSection
	GlobalSection(SolutionProperties) = preSolution
		HideSolutionNode = FALSE
	EndGlobalSection
EndGlobal
